
Microsoft Visual Studio Solution File, Format Version 12.00
# Visual Studio 2015
Project("{FAE04EC0-301F-11D3-BF4B-00C04F79EFBC}") = "Giant Defence.CSharp.Plugins", "Giant Defence.CSharp.Plugins.csproj", "{B4DA4EE9-0C55-E8FA-6E37-9A1B3BF2ADD5}"
EndProject
Project("{FAE04EC0-301F-11D3-BF4B-00C04F79EFBC}") = "Giant Defence.CSharp", "Giant Defence.CSharp.csproj", "{DE8E5D53-47C9-4A56-56A8-4FD57D913ED5}"
EndProject
Project("{FAE04EC0-301F-11D3-BF4B-00C04F79EFBC}") = "Giant Defence.CSharp.Editor", "Giant Defence.CSharp.Editor.csproj", "{C22FCF43-F7A3-F3A2-9862-0E3E296FBA03}"
EndProject
Global
	GlobalSection(SolutionConfigurationPlatforms) = preSolution
		Debug|Any CPU = Debug|Any CPU
		Release|Any CPU = Release|Any CPU
	EndGlobalSection
	GlobalSection(ProjectConfigurationPlatforms) = postSolution
		{B4DA4EE9-0C55-E8FA-6E37-9A1B3BF2ADD5}.Debug|Any CPU.ActiveCfg = Debug|Any CPU
		{B4DA4EE9-0C55-E8FA-6E37-9A1B3BF2ADD5}.Debug|Any CPU.Build.0 = Debug|Any CPU
		{B4DA4EE9-0C55-E8FA-6E37-9A1B3BF2ADD5}.Release|Any CPU.ActiveCfg = Release|Any CPU
		{B4DA4EE9-0C55-E8FA-6E37-9A1B3BF2ADD5}.Release|Any CPU.Build.0 = Release|Any CPU
		{DE8E5D53-47C9-4A56-56A8-4FD57D913ED5}.Debug|Any CPU.ActiveCfg = Debug|Any CPU
		{DE8E5D53-47C9-4A56-56A8-4FD57D913ED5}.Debug|Any CPU.Build.0 = Debug|Any CPU
		{DE8E5D53-47C9-4A56-56A8-4FD57D913ED5}.Release|Any CPU.ActiveCfg = Release|Any CPU
		{DE8E5D53-47C9-4A56-56A8-4FD57D913ED5}.Release|Any CPU.Build.0 = Release|Any CPU
		{C22FCF43-F7A3-F3A2-9862-0E3E296FBA03}.Debug|Any CPU.ActiveCfg = Debug|Any CPU
		{C22FCF43-F7A3-F3A2-9862-0E3E296FBA03}.Debug|Any CPU.Build.0 = Debug|Any CPU
		{C22FCF43-F7A3-F3A2-9862-0E3E296FBA03}.Release|Any CPU.ActiveCfg = Release|Any CPU
		{C22FCF43-F7A3-F3A2-9862-0E3E296FBA03}.Release|Any CPU.Build.0 = Release|Any CPU
	EndGlobalSection
	GlobalSection(SolutionProperties) = preSolution
		HideSolutionNode = FALSE
	EndGlobalSection
EndGlobal
